
Microsoft Visual Studio Solution File, Format Version 12.00
# Visual Studio 15
VisualStudioVersion = 15.0.28307.489
MinimumVisualStudioVersion = 10.0.40219.1
Project("{FAE04EC0-301F-11D3-BF4B-00C04F79EFBC}") = "MVVM", "MVVM\MVVM.csproj", "{940268CF-F682-4A24-8D13-C0E564D75337}"
EndProject
Global
	GlobalSection(SolutionConfigurationPlatforms) = preSolution
		Debug|Any CPU = Debug|Any CPU
		Release|Any CPU = Release|Any CPU
	EndGlobalSection
	GlobalSection(ProjectConfigurationPlatforms) = postSolution
		{940268CF-F682-4A24-8D13-C0E564D75337}.Debug|Any CPU.ActiveCfg = Debug|Any CPU
		{940268CF-F682-4A24-8D13-C0E564D75337}.Debug|Any CPU.Build.0 = Debug|Any CPU
		{940268CF-F682-4A24-8D13-C0E564D75337}.Release|Any CPU.ActiveCfg = Release|Any CPU
		{940268CF-F682-4A24-8D13-C0E564D75337}.Release|Any CPU.Build.0 = Release|Any CPU
	EndGlobalSection
	GlobalSection(SolutionProperties) = preSolution
		HideSolutionNode = FALSE
	EndGlobalSection
	GlobalSection(ExtensibilityGlobals) = postSolution
		SolutionGuid = {E500EC32-806D-47D7-8322-B819E17C10AC}
	EndGlobalSection
EndGlobal
